hash: c1e7709b701612a4ad730ec03fc8c6d06473360497dbedf6b785c85e58e2dd5a
updated: 2018-02-13T19:19:02.432576057Z
imports:
- name: cloud.google.com/go
  version: 33bfd22414970495c5e21a70ce0b021bd0c5f1de
  subpackages:
  - compute/metadata
- name: github.com/golang/protobuf
  version: bbd03ef6da3a115852eaf24c8a1c46aeb39aa175
  subpackages:
  - proto
- name: golang.org/x/net
  version: f5dfe339be1d06f81b22525fe34671ee7d2c8904
  subpackages:
  - context
  - context/ctxhttp
- name: golang.org/x/oauth2
  version: 543e37812f10c46c622c9575afd7ad22f22a12ba
  subpackages:
  - google
  - internal
  - jws
  - jwt
- name: google.golang.org/api
  version: 87a2f5c77b3602f3ae7c8dca6d76f9c2b9bc0957
  subpackages:
  - calendar/v3
  - gensupport
  - googleapi
  - googleapi/internal/uritemplates
- name: google.golang.org/appengine
  version: 5bee14b453b4c71be47ec1781b0fa61c2ea182db
  subpackages:
  - internal
  - internal/app_identity
  - internal/base
  - internal/datastore
  - internal/log
  - internal/modules
  - internal/remote_api
  - internal/urlfetch
  - urlfetch
testImports: []
